{
  "nodes": {
    "nixpkgs": {
      "locked": {
        "lastModified": 1686921029,
        "narHash": "sha256-J1bX9plPCFhTSh6E3TWn9XSxggBh/zDD4xigyaIQBy8=",
        "owner": "nixos",
        "repo": "nixpkgs",
        "rev": "c7ff1b9b95620ce8728c0d7bd501c458e6da9e04",
        "type": "github"
      },
      "original": {
        "owner": "nixos",
        "ref": "nixos-23.05",
        "repo": "nixpkgs",
        "type": "github"
      }
    },
    "nixpkgs_2": {
      "locked": {
        "lastModified": 1686921029,
        "narHash": "sha256-J1bX9plPCFhTSh6E3TWn9XSxggBh/zDD4xigyaIQBy8=",
        "owner": "nixos",
        "repo": "nixpkgs",
        "rev": "c7ff1b9b95620ce8728c0d7bd501c458e6da9e04",
        "type": "github"
      },
      "original": {
        "owner": "nixos",
        "ref": "nixos-23.05",
        "repo": "nixpkgs",
        "type": "github"
      }
    },
    "root": {
      "inputs": {
        "nixpkgs": "nixpkgs",
        "speechrecognition": "speechrecognition"
      }
    },
    "speechrecognition": {
      "inputs": {
        "nixpkgs": "nixpkgs_2"
      },
      "locked": {
        "lastModified": 1687009222,
        "narHash": "sha256-WnL7eyirrXl33JmknPC/+9s2EVXyMc0GrSeuPrHMhFc=",
        "ref": "main",
        "rev": "842b2944ad84d30b6f2032b699f5a57d9da95b63",
        "revCount": 3,
        "type": "git",
        "url": "ssh://git@github.com/Adam-D-Lewis/speech_recognition_flake.git"
      },
      "original": {
        "ref": "main",
        "type": "git",
        "url": "ssh://git@github.com/Adam-D-Lewis/speech_recognition_flake.git"
      }
    }
  },
  "root": "root",
  "version": 7
}
